
Microsoft Visual Studio Solution File, Format Version 12.00
# Visual Studio Version 17
VisualStudioVersion = 17.13.35806.99
MinimumVisualStudioVersion = 10.0.40219.1
Project("{FAE04EC0-301F-11D3-BF4B-00C04F79EFBC}") = "Reporter.UI", "Reporter.UI\Reporter.UI.csproj", "{C23B976E-112D-4B11-A469-6BDA45B593E4}"
EndProject
Project("{FAE04EC0-301F-11D3-BF4B-00C04F79EFBC}") = "Reporter.BUS", "Reporter.BUS\Reporter.BUS.csproj", "{54906A08-07EC-469B-94C0-D449496704BF}"
EndProject
Project("{FAE04EC0-301F-11D3-BF4B-00C04F79EFBC}") = "Reporter.DAL", "Reporter.DAL\Reporter.DAL.csproj", "{BBF41AF4-0E82-4786-9F16-C0F732B04783}"
EndProject
Project("{FAE04EC0-301F-11D3-BF4B-00C04F79EFBC}") = "Reporter.DTO", "Reporter.DTO\Reporter.DTO.csproj", "{EFD6C7A2-3097-4474-91E0-F90536152AEE}"
EndProject
Project("{FAE04EC0-301F-11D3-BF4B-00C04F79EFBC}") = "Reporter.Reports", "Reporter.Reports\Reporter.Reports.csproj", "{C503B91E-622B-4DBD-8D71-3820F5D9C4E9}"
EndProject
Global
	GlobalSection(SolutionConfigurationPlatforms) = preSolution
		Debug|Any CPU = Debug|Any CPU
		Release|Any CPU = Release|Any CPU
	EndGlobalSection
	GlobalSection(ProjectConfigurationPlatforms) = postSolution
		{C23B976E-112D-4B11-A469-6BDA45B593E4}.Debug|Any CPU.ActiveCfg = Debug|Any CPU
		{C23B976E-112D-4B11-A469-6BDA45B593E4}.Debug|Any CPU.Build.0 = Debug|Any CPU
		{C23B976E-112D-4B11-A469-6BDA45B593E4}.Release|Any CPU.ActiveCfg = Release|Any CPU
		{C23B976E-112D-4B11-A469-6BDA45B593E4}.Release|Any CPU.Build.0 = Release|Any CPU
		{54906A08-07EC-469B-94C0-D449496704BF}.Debug|Any CPU.ActiveCfg = Debug|Any CPU
		{54906A08-07EC-469B-94C0-D449496704BF}.Debug|Any CPU.Build.0 = Debug|Any CPU
		{54906A08-07EC-469B-94C0-D449496704BF}.Release|Any CPU.ActiveCfg = Release|Any CPU
		{54906A08-07EC-469B-94C0-D449496704BF}.Release|Any CPU.Build.0 = Release|Any CPU
		{BBF41AF4-0E82-4786-9F16-C0F732B04783}.Debug|Any CPU.ActiveCfg = Debug|Any CPU
		{BBF41AF4-0E82-4786-9F16-C0F732B04783}.Debug|Any CPU.Build.0 = Debug|Any CPU
		{BBF41AF4-0E82-4786-9F16-C0F732B04783}.Release|Any CPU.ActiveCfg = Release|Any CPU
		{BBF41AF4-0E82-4786-9F16-C0F732B04783}.Release|Any CPU.Build.0 = Release|Any CPU
		{EFD6C7A2-3097-4474-91E0-F90536152AEE}.Debug|Any CPU.ActiveCfg = Debug|Any CPU
		{EFD6C7A2-3097-4474-91E0-F90536152AEE}.Debug|Any CPU.Build.0 = Debug|Any CPU
		{EFD6C7A2-3097-4474-91E0-F90536152AEE}.Release|Any CPU.ActiveCfg = Release|Any CPU
		{EFD6C7A2-3097-4474-91E0-F90536152AEE}.Release|Any CPU.Build.0 = Release|Any CPU
		{C503B91E-622B-4DBD-8D71-3820F5D9C4E9}.Debug|Any CPU.ActiveCfg = Debug|Any CPU
		{C503B91E-622B-4DBD-8D71-3820F5D9C4E9}.Debug|Any CPU.Build.0 = Debug|Any CPU
		{C503B91E-622B-4DBD-8D71-3820F5D9C4E9}.Release|Any CPU.ActiveCfg = Release|Any CPU
		{C503B91E-622B-4DBD-8D71-3820F5D9C4E9}.Release|Any CPU.Build.0 = Release|Any CPU
	EndGlobalSection
	GlobalSection(SolutionProperties) = preSolution
		HideSolutionNode = FALSE
	EndGlobalSection
	GlobalSection(ExtensibilityGlobals) = postSolution
		SolutionGuid = {336A6789-C3E2-4C70-9F82-3D4B94CD4B8A}
	EndGlobalSection
EndGlobal
