
Microsoft Visual Studio Solution File, Format Version 12.00
# Visual Studio Version 17
VisualStudioVersion = 17.13.35806.99
MinimumVisualStudioVersion = 10.0.40219.1
Project("{FAE04EC0-301F-11D3-BF4B-00C04F79EFBC}") = "Reporter_wpf", "Reporter_wpf\Reporter_wpf.csproj", "{91830F13-7FAD-C91D-3278-49AF402A2AC1}"
EndProject
Global
	GlobalSection(SolutionConfigurationPlatforms) = preSolution
		Debug|Any CPU = Debug|Any CPU
		Release|Any CPU = Release|Any CPU
	EndGlobalSection
	GlobalSection(ProjectConfigurationPlatforms) = postSolution
		{91830F13-7FAD-C91D-3278-49AF402A2AC1}.Debug|Any CPU.ActiveCfg = Debug|Any CPU
		{91830F13-7FAD-C91D-3278-49AF402A2AC1}.Debug|Any CPU.Build.0 = Debug|Any CPU
		{91830F13-7FAD-C91D-3278-49AF402A2AC1}.Release|Any CPU.ActiveCfg = Release|Any CPU
		{91830F13-7FAD-C91D-3278-49AF402A2AC1}.Release|Any CPU.Build.0 = Release|Any CPU
	EndGlobalSection
	GlobalSection(SolutionProperties) = preSolution
		HideSolutionNode = FALSE
	EndGlobalSection
	GlobalSection(ExtensibilityGlobals) = postSolution
		SolutionGuid = {5286F86E-6A7D-47C9-829C-B4BCCA539094}
	EndGlobalSection
EndGlobal
